// !$*UTF8*$!
{
	archiveVersion = 1;
	classes = {
	};
	objectVersion = 56;
	objects = {

/* Begin PBXBuildFile section */
		8715500B2B81CBB000D75A00 /* NewPostForm.swift in Sources */ = {isa = PBXBuildFile; fileRef = 8715500A2B81CBB000D75A00 /* NewPostForm.swift */; };
		8723582A2B7D777C006A6C9F /* NeofeedApp.swift in Sources */ = {isa = PBXBuildFile; fileRef = 872358292B7D777C006A6C9F /* NeofeedApp.swift */; };
		8723582C2B7D777C006A6C9F /* ContentView.swift in Sources */ = {isa = PBXBuildFile; fileRef = 8723582B2B7D777C006A6C9F /* ContentView.swift */; };
		8723582E2B7D777D006A6C9F /* Assets.xcassets in Resources */ = {isa = PBXBuildFile; fileRef = 8723582D2B7D777D006A6C9F /* Assets.xcassets */; };
		872358322B7D777D006A6C9F /* Preview Assets.xcassets in Resources */ = {isa = PBXBuildFile; fileRef = 872358312B7D777D006A6C9F /* Preview Assets.xcassets */; };
		872358452B7D7A9F006A6C9F /* FirebaseAnalytics in Frameworks */ = {isa = PBXBuildFile; productRef = 872358442B7D7A9F006A6C9F /* FirebaseAnalytics */; };
		872358472B7D7A9F006A6C9F /* FirebaseAnalyticsOnDeviceConversion in Frameworks */ = {isa = PBXBuildFile; productRef = 872358462B7D7A9F006A6C9F /* FirebaseAnalyticsOnDeviceConversion */; };
		872358492B7D7A9F006A6C9F /* FirebaseAnalyticsSwift in Frameworks */ = {isa = PBXBuildFile; productRef = 872358482B7D7A9F006A6C9F /* FirebaseAnalyticsSwift */; };
		8723584B2B7D7A9F006A6C9F /* FirebaseAnalyticsWithoutAdIdSupport in Frameworks */ = {isa = PBXBuildFile; productRef = 8723584A2B7D7A9F006A6C9F /* FirebaseAnalyticsWithoutAdIdSupport */; };
		8723584D2B7D7A9F006A6C9F /* FirebaseAppCheck in Frameworks */ = {isa = PBXBuildFile; productRef = 8723584C2B7D7A9F006A6C9F /* FirebaseAppCheck */; };
		875794132B85A6EE00EAF26C /* PostsViewModel.swift in Sources */ = {isa = PBXBuildFile; fileRef = 875794122B85A6EE00EAF26C /* PostsViewModel.swift */; };
		875794162B85B1F900EAF26C /* PostsRepository.swift in Sources */ = {isa = PBXBuildFile; fileRef = 875794152B85B1F900EAF26C /* PostsRepository.swift */; };
		875794182B85B3DA00EAF26C /* FirebaseAnalytics in Frameworks */ = {isa = PBXBuildFile; productRef = 875794172B85B3DA00EAF26C /* FirebaseAnalytics */; };
		8757941A2B85B3DA00EAF26C /* FirebaseAnalyticsOnDeviceConversion in Frameworks */ = {isa = PBXBuildFile; productRef = 875794192B85B3DA00EAF26C /* FirebaseAnalyticsOnDeviceConversion */; };
		8757941C2B85B3DA00EAF26C /* FirebaseAnalyticsSwift in Frameworks */ = {isa = PBXBuildFile; productRef = 8757941B2B85B3DA00EAF26C /* FirebaseAnalyticsSwift */; };
		8757941E2B85B3DA00EAF26C /* FirebaseAnalyticsWithoutAdIdSupport in Frameworks */ = {isa = PBXBuildFile; productRef = 8757941D2B85B3DA00EAF26C /* FirebaseAnalyticsWithoutAdIdSupport */; };
		875794202B85B3DA00EAF26C /* FirebaseAppCheck in Frameworks */ = {isa = PBXBuildFile; productRef = 8757941F2B85B3DA00EAF26C /* FirebaseAppCheck */; };
		875794222B85B3DA00EAF26C /* FirebaseAppDistribution-Beta in Frameworks */ = {isa = PBXBuildFile; productRef = 875794212B85B3DA00EAF26C /* FirebaseAppDistribution-Beta */; };
		875794242B85B3DA00EAF26C /* FirebaseAuth in Frameworks */ = {isa = PBXBuildFile; productRef = 875794232B85B3DA00EAF26C /* FirebaseAuth */; };
		875794262B85B3DA00EAF26C /* FirebaseAuthCombine-Community in Frameworks */ = {isa = PBXBuildFile; productRef = 875794252B85B3DA00EAF26C /* FirebaseAuthCombine-Community */; };
		875794282B85B3DA00EAF26C /* FirebaseCrashlytics in Frameworks */ = {isa = PBXBuildFile; productRef = 875794272B85B3DA00EAF26C /* FirebaseCrashlytics */; };
		8757942A2B85B3DA00EAF26C /* FirebaseDatabase in Frameworks */ = {isa = PBXBuildFile; productRef = 875794292B85B3DA00EAF26C /* FirebaseDatabase */; };
		8757942C2B85B3DA00EAF26C /* FirebaseDatabaseSwift in Frameworks */ = {isa = PBXBuildFile; productRef = 8757942B2B85B3DA00EAF26C /* FirebaseDatabaseSwift */; };
		8757942E2B85B3DA00EAF26C /* FirebaseDynamicLinks in Frameworks */ = {isa = PBXBuildFile; productRef = 8757942D2B85B3DA00EAF26C /* FirebaseDynamicLinks */; };
		875794302B85B3DA00EAF26C /* FirebaseFirestore in Frameworks */ = {isa = PBXBuildFile; productRef = 8757942F2B85B3DA00EAF26C /* FirebaseFirestore */; };
		875794322B85B3DA00EAF26C /* FirebaseFirestoreCombine-Community in Frameworks */ = {isa = PBXBuildFile; productRef = 875794312B85B3DA00EAF26C /* FirebaseFirestoreCombine-Community */; };
		875794342B85B3DA00EAF26C /* FirebaseFirestoreSwift in Frameworks */ = {isa = PBXBuildFile; productRef = 875794332B85B3DA00EAF26C /* FirebaseFirestoreSwift */; };
		875794362B85B3DA00EAF26C /* FirebaseFunctions in Frameworks */ = {isa = PBXBuildFile; productRef = 875794352B85B3DA00EAF26C /* FirebaseFunctions */; };
		875794382B85B3DA00EAF26C /* FirebaseFunctionsCombine-Community in Frameworks */ = {isa = PBXBuildFile; productRef = 875794372B85B3DA00EAF26C /* FirebaseFunctionsCombine-Community */; };
		8757943A2B85B3DA00EAF26C /* FirebaseInAppMessaging-Beta in Frameworks */ = {isa = PBXBuildFile; productRef = 875794392B85B3DA00EAF26C /* FirebaseInAppMessaging-Beta */; };
		8757943C2B85B3DA00EAF26C /* FirebaseInAppMessagingSwift-Beta in Frameworks */ = {isa = PBXBuildFile; productRef = 8757943B2B85B3DA00EAF26C /* FirebaseInAppMessagingSwift-Beta */; };
		8757943E2B85B3DA00EAF26C /* FirebaseInstallations in Frameworks */ = {isa = PBXBuildFile; productRef = 8757943D2B85B3DA00EAF26C /* FirebaseInstallations */; };
		875794402B85B3DA00EAF26C /* FirebaseMLModelDownloader in Frameworks */ = {isa = PBXBuildFile; productRef = 8757943F2B85B3DA00EAF26C /* FirebaseMLModelDownloader */; };
		875794422B85B3DA00EAF26C /* FirebaseMessaging in Frameworks */ = {isa = PBXBuildFile; productRef = 875794412B85B3DA00EAF26C /* FirebaseMessaging */; };
		875794442B85B3DA00EAF26C /* FirebasePerformance in Frameworks */ = {isa = PBXBuildFile; productRef = 875794432B85B3DA00EAF26C /* FirebasePerformance */; };
		875794462B85B3DA00EAF26C /* FirebaseRemoteConfig in Frameworks */ = {isa = PBXBuildFile; productRef = 875794452B85B3DA00EAF26C /* FirebaseRemoteConfig */; };
		875794482B85B3DA00EAF26C /* FirebaseRemoteConfigSwift in Frameworks */ = {isa = PBXBuildFile; productRef = 875794472B85B3DA00EAF26C /* FirebaseRemoteConfigSwift */; };
		8757944A2B85B3DA00EAF26C /* FirebaseStorage in Frameworks */ = {isa = PBXBuildFile; productRef = 875794492B85B3DA00EAF26C /* FirebaseStorage */; };
		8757944C2B85B3DA00EAF26C /* FirebaseStorageCombine-Community in Frameworks */ = {isa = PBXBuildFile; productRef = 8757944B2B85B3DA00EAF26C /* FirebaseStorageCombine-Community */; };
		8757944E2B85C31F00EAF26C /* FormState.swift in Sources */ = {isa = PBXBuildFile; fileRef = 8757944D2B85C31F00EAF26C /* FormState.swift */; };
		875794512B8639E300EAF26C /* ListState.swift in Sources */ = {isa = PBXBuildFile; fileRef = 875794502B8639E300EAF26C /* ListState.swift */; };
		875794532B863AB400EAF26C /* Loadable.swift in Sources */ = {isa = PBXBuildFile; fileRef = 875794522B863AB400EAF26C /* Loadable.swift */; };
		875794552B866A9600EAF26C /* EmptyListView.swift in Sources */ = {isa = PBXBuildFile; fileRef = 875794542B866A9600EAF26C /* EmptyListView.swift */; };
		878213D42B8A3ECB000B872C /* PostRowViewModel.swift in Sources */ = {isa = PBXBuildFile; fileRef = 878213D32B8A3ECB000B872C /* PostRowViewModel.swift */; };
		87865CD02B8BD20800EDC3A8 /* MainTabView.swift in Sources */ = {isa = PBXBuildFile; fileRef = 87865CCF2B8BD20800EDC3A8 /* MainTabView.swift */; };
		8797CDB52B7E917C001DD5BC /* GoogleService-Info.plist in Resources */ = {isa = PBXBuildFile; fileRef = 8797CDB42B7E917C001DD5BC /* GoogleService-Info.plist */; };
		8797CDB92B7E924C001DD5BC /* Post.swift in Sources */ = {isa = PBXBuildFile; fileRef = 8797CDB82B7E924C001DD5BC /* Post.swift */; };
		8797CDBB2B7E9362001DD5BC /* PostsList.swift in Sources */ = {isa = PBXBuildFile; fileRef = 8797CDBA2B7E9362001DD5BC /* PostsList.swift */; };
		8797CDBD2B7E941A001DD5BC /* PostRow.swift in Sources */ = {isa = PBXBuildFile; fileRef = 8797CDBC2B7E941A001DD5BC /* PostRow.swift */; };
		87DB1EFC2B880B4B00A96CFD /* ErrorAlertModifier.swift in Sources */ = {isa = PBXBuildFile; fileRef = 87DB1EFB2B880B4B00A96CFD /* ErrorAlertModifier.swift */; };
/* End PBXBuildFile section */

/* Begin PBXFileReference section */
		8715500A2B81CBB000D75A00 /* NewPostForm.swift */ = {isa = PBXFileReference; lastKnownFileType = sourcecode.swift; path = NewPostForm.swift; sourceTree = "<group>"; };
		872358262B7D777C006A6C9F /* Neofeed.app */ = {isa = PBXFileReference; explicitFileType = wrapper.application; includeInIndex = 0; path = Neofeed.app; sourceTree = BUILT_PRODUCTS_DIR; };
		872358292B7D777C006A6C9F /* NeofeedApp.swift */ = {isa = PBXFileReference; lastKnownFileType = sourcecode.swift; path = NeofeedApp.swift; sourceTree = "<group>"; };
		8723582B2B7D777C006A6C9F /* ContentView.swift */ = {isa = PBXFileReference; lastKnownFileType = sourcecode.swift; path = ContentView.swift; sourceTree = "<group>"; };
		8723582D2B7D777D006A6C9F /* Assets.xcassets */ = {isa = PBXFileReference; lastKnownFileType = folder.assetcatalog; path = Assets.xcassets; sourceTree = "<group>"; };
		8723582F2B7D777D006A6C9F /* Neofeed.entitlements */ = {isa = PBXFileReference; lastKnownFileType = text.plist.entitlements; path = Neofeed.entitlements; sourceTree = "<group>"; };
		872358312B7D777D006A6C9F /* Preview Assets.xcassets */ = {isa = PBXFileReference; lastKnownFileType = folder.assetcatalog; path = "Preview Assets.xcassets"; sourceTree = "<group>"; };
		875794122B85A6EE00EAF26C /* PostsViewModel.swift */ = {isa = PBXFileReference; lastKnownFileType = sourcecode.swift; path = PostsViewModel.swift; sourceTree = "<group>"; };
		875794152B85B1F900EAF26C /* PostsRepository.swift */ = {isa = PBXFileReference; lastKnownFileType = sourcecode.swift; path = PostsRepository.swift; sourceTree = "<group>"; };
		8757944D2B85C31F00EAF26C /* FormState.swift */ = {isa = PBXFileReference; lastKnownFileType = sourcecode.swift; path = FormState.swift; sourceTree = "<group>"; };
		875794502B8639E300EAF26C /* ListState.swift */ = {isa = PBXFileReference; lastKnownFileType = sourcecode.swift; path = ListState.swift; sourceTree = "<group>"; };
		875794522B863AB400EAF26C /* Loadable.swift */ = {isa = PBXFileReference; lastKnownFileType = sourcecode.swift; path = Loadable.swift; sourceTree = "<group>"; };
		875794542B866A9600EAF26C /* EmptyListView.swift */ = {isa = PBXFileReference; lastKnownFileType = sourcecode.swift; path = EmptyListView.swift; sourceTree = "<group>"; };
		878213D32B8A3ECB000B872C /* PostRowViewModel.swift */ = {isa = PBXFileReference; lastKnownFileType = sourcecode.swift; path = PostRowViewModel.swift; sourceTree = "<group>"; };
		87865CCF2B8BD20800EDC3A8 /* MainTabView.swift */ = {isa = PBXFileReference; lastKnownFileType = sourcecode.swift; path = MainTabView.swift; sourceTree = "<group>"; };
		8797CDB42B7E917C001DD5BC /* GoogleService-Info.plist */ = {isa = PBXFileReference; fileEncoding = 4; lastKnownFileType = text.plist.xml; path = "GoogleService-Info.plist"; sourceTree = "<group>"; };
		8797CDB82B7E924C001DD5BC /* Post.swift */ = {isa = PBXFileReference; lastKnownFileType = sourcecode.swift; path = Post.swift; sourceTree = "<group>"; };
		8797CDBA2B7E9362001DD5BC /* PostsList.swift */ = {isa = PBXFileReference; lastKnownFileType = sourcecode.swift; path = PostsList.swift; sourceTree = "<group>"; };
		8797CDBC2B7E941A001DD5BC /* PostRow.swift */ = {isa = PBXFileReference; lastKnownFileType = sourcecode.swift; path = PostRow.swift; sourceTree = "<group>"; };
		87DB1EFB2B880B4B00A96CFD /* ErrorAlertModifier.swift */ = {isa = PBXFileReference; lastKnownFileType = sourcecode.swift; path = ErrorAlertModifier.swift; sourceTree = "<group>"; };
/* End PBXFileReference section */

/* Begin PBXFrameworksBuildPhase section */
		872358232B7D777C006A6C9F /* Frameworks */ = {
			isa = PBXFrameworksBuildPhase;
			buildActionMask = 2147483647;
			files = (
				875794422B85B3DA00EAF26C /* FirebaseMessaging in Frameworks */,
				875794322B85B3DA00EAF26C /* FirebaseFirestoreCombine-Community in Frameworks */,
				8757942A2B85B3DA00EAF26C /* FirebaseDatabase in Frameworks */,
				872358492B7D7A9F006A6C9F /* FirebaseAnalyticsSwift in Frameworks */,
				8757944A2B85B3DA00EAF26C /* FirebaseStorage in Frameworks */,
				872358452B7D7A9F006A6C9F /* FirebaseAnalytics in Frameworks */,
				875794182B85B3DA00EAF26C /* FirebaseAnalytics in Frameworks */,
				875794282B85B3DA00EAF26C /* FirebaseCrashlytics in Frameworks */,
				875794302B85B3DA00EAF26C /* FirebaseFirestore in Frameworks */,
				8757942E2B85B3DA00EAF26C /* FirebaseDynamicLinks in Frameworks */,
				8757944C2B85B3DA00EAF26C /* FirebaseStorageCombine-Community in Frameworks */,
				8757941A2B85B3DA00EAF26C /* FirebaseAnalyticsOnDeviceConversion in Frameworks */,
				875794382B85B3DA00EAF26C /* FirebaseFunctionsCombine-Community in Frameworks */,
				8757943C2B85B3DA00EAF26C /* FirebaseInAppMessagingSwift-Beta in Frameworks */,
				875794402B85B3DA00EAF26C /* FirebaseMLModelDownloader in Frameworks */,
				8757943A2B85B3DA00EAF26C /* FirebaseInAppMessaging-Beta in Frameworks */,
				875794442B85B3DA00EAF26C /* FirebasePerformance in Frameworks */,
				875794262B85B3DA00EAF26C /* FirebaseAuthCombine-Community in Frameworks */,
				8757941C2B85B3DA00EAF26C /* FirebaseAnalyticsSwift in Frameworks */,
				8757942C2B85B3DA00EAF26C /* FirebaseDatabaseSwift in Frameworks */,
				872358472B7D7A9F006A6C9F /* FirebaseAnalyticsOnDeviceConversion in Frameworks */,
				875794462B85B3DA00EAF26C /* FirebaseRemoteConfig in Frameworks */,
				8723584D2B7D7A9F006A6C9F /* FirebaseAppCheck in Frameworks */,
				875794242B85B3DA00EAF26C /* FirebaseAuth in Frameworks */,
				875794362B85B3DA00EAF26C /* FirebaseFunctions in Frameworks */,
				8757943E2B85B3DA00EAF26C /* FirebaseInstallations in Frameworks */,
				875794342B85B3DA00EAF26C /* FirebaseFirestoreSwift in Frameworks */,
				8757941E2B85B3DA00EAF26C /* FirebaseAnalyticsWithoutAdIdSupport in Frameworks */,
				875794202B85B3DA00EAF26C /* FirebaseAppCheck in Frameworks */,
				875794482B85B3DA00EAF26C /* FirebaseRemoteConfigSwift in Frameworks */,
				875794222B85B3DA00EAF26C /* FirebaseAppDistribution-Beta in Frameworks */,
				8723584B2B7D7A9F006A6C9F /* FirebaseAnalyticsWithoutAdIdSupport in Frameworks */,
			);
			runOnlyForDeploymentPostprocessing = 0;
		};
/* End PBXFrameworksBuildPhase section */

/* Begin PBXGroup section */
		8723581D2B7D777C006A6C9F = {
			isa = PBXGroup;
			children = (
				872358282B7D777C006A6C9F /* Neofeed */,
				872358272B7D777C006A6C9F /* Products */,
			);
			sourceTree = "<group>";
		};
		872358272B7D777C006A6C9F /* Products */ = {
			isa = PBXGroup;
			children = (
				872358262B7D777C006A6C9F /* Neofeed.app */,
			);
			name = Products;
			sourceTree = "<group>";
		};
		872358282B7D777C006A6C9F /* Neofeed */ = {
			isa = PBXGroup;
			children = (
				8757944F2B8639D100EAF26C /* Enum */,
				875794142B85B1ED00EAF26C /* Data */,
				875794112B85A6D800EAF26C /* ViewModel */,
				8797CDB72B7E923E001DD5BC /* Model */,
				8797CDB62B7E91CC001DD5BC /* Views */,
				872358292B7D777C006A6C9F /* NeofeedApp.swift */,
				8797CDB42B7E917C001DD5BC /* GoogleService-Info.plist */,
				8723582D2B7D777D006A6C9F /* Assets.xcassets */,
				8723582F2B7D777D006A6C9F /* Neofeed.entitlements */,
				872358302B7D777D006A6C9F /* Preview Content */,
			);
			path = Neofeed;
			sourceTree = "<group>";
		};
		872358302B7D777D006A6C9F /* Preview Content */ = {
			isa = PBXGroup;
			children = (
				872358312B7D777D006A6C9F /* Preview Assets.xcassets */,
			);
			path = "Preview Content";
			sourceTree = "<group>";
		};
		875794112B85A6D800EAF26C /* ViewModel */ = {
			isa = PBXGroup;
			children = (
				875794122B85A6EE00EAF26C /* PostsViewModel.swift */,
				878213D32B8A3ECB000B872C /* PostRowViewModel.swift */,
			);
			path = ViewModel;
			sourceTree = "<group>";
		};
		875794142B85B1ED00EAF26C /* Data */ = {
			isa = PBXGroup;
			children = (
				875794152B85B1F900EAF26C /* PostsRepository.swift */,
			);
			path = Data;
			sourceTree = "<group>";
		};
		8757944F2B8639D100EAF26C /* Enum */ = {
			isa = PBXGroup;
			children = (
				8757944D2B85C31F00EAF26C /* FormState.swift */,
				875794502B8639E300EAF26C /* ListState.swift */,
				875794522B863AB400EAF26C /* Loadable.swift */,
			);
			path = Enum;
			sourceTree = "<group>";
		};
		8797CDB62B7E91CC001DD5BC /* Views */ = {
			isa = PBXGroup;
			children = (
				8723582B2B7D777C006A6C9F /* ContentView.swift */,
				8797CDBA2B7E9362001DD5BC /* PostsList.swift */,
				8797CDBC2B7E941A001DD5BC /* PostRow.swift */,
				8715500A2B81CBB000D75A00 /* NewPostForm.swift */,
				875794542B866A9600EAF26C /* EmptyListView.swift */,
				87DB1EFB2B880B4B00A96CFD /* ErrorAlertModifier.swift */,
				87865CCF2B8BD20800EDC3A8 /* MainTabView.swift */,
			);
			path = Views;
			sourceTree = "<group>";
		};
		8797CDB72B7E923E001DD5BC /* Model */ = {
			isa = PBXGroup;
			children = (
				8797CDB82B7E924C001DD5BC /* Post.swift */,
			);
			path = Model;
			sourceTree = "<group>";
		};
/* End PBXGroup section */

/* Begin PBXNativeTarget section */
		872358252B7D777C006A6C9F /* Neofeed */ = {
			isa = PBXNativeTarget;
			buildConfigurationList = 872358352B7D777D006A6C9F /* Build configuration list for PBXNativeTarget "Neofeed" */;
			buildPhases = (
				872358222B7D777C006A6C9F /* Sources */,
				872358232B7D777C006A6C9F /* Frameworks */,
				872358242B7D777C006A6C9F /* Resources */,
			);
			buildRules = (
			);
			dependencies = (
			);
			name = Neofeed;
			packageProductDependencies = (
				872358442B7D7A9F006A6C9F /* FirebaseAnalytics */,
				872358462B7D7A9F006A6C9F /* FirebaseAnalyticsOnDeviceConversion */,
				872358482B7D7A9F006A6C9F /* FirebaseAnalyticsSwift */,
				8723584A2B7D7A9F006A6C9F /* FirebaseAnalyticsWithoutAdIdSupport */,
				8723584C2B7D7A9F006A6C9F /* FirebaseAppCheck */,
				875794172B85B3DA00EAF26C /* FirebaseAnalytics */,
				875794192B85B3DA00EAF26C /* FirebaseAnalyticsOnDeviceConversion */,
				8757941B2B85B3DA00EAF26C /* FirebaseAnalyticsSwift */,
				8757941D2B85B3DA00EAF26C /* FirebaseAnalyticsWithoutAdIdSupport */,
				8757941F2B85B3DA00EAF26C /* FirebaseAppCheck */,
				875794212B85B3DA00EAF26C /* FirebaseAppDistribution-Beta */,
				875794232B85B3DA00EAF26C /* FirebaseAuth */,
				875794252B85B3DA00EAF26C /* FirebaseAuthCombine-Community */,
				875794272B85B3DA00EAF26C /* FirebaseCrashlytics */,
				875794292B85B3DA00EAF26C /* FirebaseDatabase */,
				8757942B2B85B3DA00EAF26C /* FirebaseDatabaseSwift */,
				8757942D2B85B3DA00EAF26C /* FirebaseDynamicLinks */,
				8757942F2B85B3DA00EAF26C /* FirebaseFirestore */,
				875794312B85B3DA00EAF26C /* FirebaseFirestoreCombine-Community */,
				875794332B85B3DA00EAF26C /* FirebaseFirestoreSwift */,
				875794352B85B3DA00EAF26C /* FirebaseFunctions */,
				875794372B85B3DA00EAF26C /* FirebaseFunctionsCombine-Community */,
				875794392B85B3DA00EAF26C /* FirebaseInAppMessaging-Beta */,
				8757943B2B85B3DA00EAF26C /* FirebaseInAppMessagingSwift-Beta */,
				8757943D2B85B3DA00EAF26C /* FirebaseInstallations */,
				8757943F2B85B3DA00EAF26C /* FirebaseMLModelDownloader */,
				875794412B85B3DA00EAF26C /* FirebaseMessaging */,
				875794432B85B3DA00EAF26C /* FirebasePerformance */,
				875794452B85B3DA00EAF26C /* FirebaseRemoteConfig */,
				875794472B85B3DA00EAF26C /* FirebaseRemoteConfigSwift */,
				875794492B85B3DA00EAF26C /* FirebaseStorage */,
				8757944B2B85B3DA00EAF26C /* FirebaseStorageCombine-Community */,
			);
			productName = Neofeed;
			productReference = 872358262B7D777C006A6C9F /* Neofeed.app */;
			productType = "com.apple.product-type.application";
		};
/* End PBXNativeTarget section */

/* Begin PBXProject section */
		8723581E2B7D777C006A6C9F /* Project object */ = {
			isa = PBXProject;
			attributes = {
				BuildIndependentTargetsInParallel = 1;
				LastSwiftUpdateCheck = 1520;
				LastUpgradeCheck = 1520;
				TargetAttributes = {
					872358252B7D777C006A6C9F = {
						CreatedOnToolsVersion = 15.2;
					};
				};
			};
			buildConfigurationList = 872358212B7D777C006A6C9F /* Build configuration list for PBXProject "Neofeed" */;
			compatibilityVersion = "Xcode 14.0";
			developmentRegion = en;
			hasScannedForEncodings = 0;
			knownRegions = (
				en,
				Base,
			);
			mainGroup = 8723581D2B7D777C006A6C9F;
			packageReferences = (
				872358432B7D7A9F006A6C9F /* XCRemoteSwiftPackageReference "firebase-ios-sdk" */,
			);
			productRefGroup = 872358272B7D777C006A6C9F /* Products */;
			projectDirPath = "";
			projectRoot = "";
			targets = (
				872358252B7D777C006A6C9F /* Neofeed */,
			);
		};
/* End PBXProject section */

/* Begin PBXResourcesBuildPhase section */
		872358242B7D777C006A6C9F /* Resources */ = {
			isa = PBXResourcesBuildPhase;
			buildActionMask = 2147483647;
			files = (
				872358322B7D777D006A6C9F /* Preview Assets.xcassets in Resources */,
				8723582E2B7D777D006A6C9F /* Assets.xcassets in Resources */,
				8797CDB52B7E917C001DD5BC /* GoogleService-Info.plist in Resources */,
			);
			runOnlyForDeploymentPostprocessing = 0;
		};
/* End PBXResourcesBuildPhase section */

/* Begin PBXSourcesBuildPhase section */
		872358222B7D777C006A6C9F /* Sources */ = {
			isa = PBXSourcesBuildPhase;
			buildActionMask = 2147483647;
			files = (
				8797CDB92B7E924C001DD5BC /* Post.swift in Sources */,
				875794162B85B1F900EAF26C /* PostsRepository.swift in Sources */,
				8723582C2B7D777C006A6C9F /* ContentView.swift in Sources */,
				8797CDBD2B7E941A001DD5BC /* PostRow.swift in Sources */,
				8797CDBB2B7E9362001DD5BC /* PostsList.swift in Sources */,
				878213D42B8A3ECB000B872C /* PostRowViewModel.swift in Sources */,
				8715500B2B81CBB000D75A00 /* NewPostForm.swift in Sources */,
				8723582A2B7D777C006A6C9F /* NeofeedApp.swift in Sources */,
				875794512B8639E300EAF26C /* ListState.swift in Sources */,
				875794552B866A9600EAF26C /* EmptyListView.swift in Sources */,
				875794532B863AB400EAF26C /* Loadable.swift in Sources */,
				8757944E2B85C31F00EAF26C /* FormState.swift in Sources */,
				875794132B85A6EE00EAF26C /* PostsViewModel.swift in Sources */,
				87DB1EFC2B880B4B00A96CFD /* ErrorAlertModifier.swift in Sources */,
				87865CD02B8BD20800EDC3A8 /* MainTabView.swift in Sources */,
			);
			runOnlyForDeploymentPostprocessing = 0;
		};
/* End PBXSourcesBuildPhase section */

/* Begin XCBuildConfiguration section */
		872358332B7D777D006A6C9F /* Debug */ = {
			isa = XCBuildConfiguration;
			buildSettings = {
				ALWAYS_SEARCH_USER_PATHS = NO;
				ASSETCATALOG_COMPILER_GENERATE_SWIFT_ASSET_SYMBOL_EXTENSIONS = YES;
				CLANG_ANALYZER_NONNULL = YES;
				CLANG_ANALYZER_NUMBER_OBJECT_CONVERSION = YES_AGGRESSIVE;
				CLANG_CXX_LANGUAGE_STANDARD = "gnu++20";
				CLANG_ENABLE_MODULES = YES;
				CLANG_ENABLE_OBJC_ARC = YES;
				CLANG_ENABLE_OBJC_WEAK = YES;
				CLANG_WARN_BLOCK_CAPTURE_AUTORELEASING = YES;
				CLANG_WARN_BOOL_CONVERSION = YES;
				CLANG_WARN_COMMA = YES;
				CLANG_WARN_CONSTANT_CONVERSION = YES;
				CLANG_WARN_DEPRECATED_OBJC_IMPLEMENTATIONS = YES;
				CLANG_WARN_DIRECT_OBJC_ISA_USAGE = YES_ERROR;
				CLANG_WARN_DOCUMENTATION_COMMENTS = YES;
				CLANG_WARN_EMPTY_BODY = YES;
				CLANG_WARN_ENUM_CONVERSION = YES;
				CLANG_WARN_INFINITE_RECURSION = YES;
				CLANG_WARN_INT_CONVERSION = YES;
				CLANG_WARN_NON_LITERAL_NULL_CONVERSION = YES;
				CLANG_WARN_OBJC_IMPLICIT_RETAIN_SELF = YES;
				CLANG_WARN_OBJC_LITERAL_CONVERSION = YES;
				CLANG_WARN_OBJC_ROOT_CLASS = YES_ERROR;
				CLANG_WARN_QUOTED_INCLUDE_IN_FRAMEWORK_HEADER = YES;
				CLANG_WARN_RANGE_LOOP_ANALYSIS = YES;
				CLANG_WARN_STRICT_PROTOTYPES = YES;
				CLANG_WARN_SUSPICIOUS_MOVE = YES;
				CLANG_WARN_UNGUARDED_AVAILABILITY = YES_AGGRESSIVE;
				CLANG_WARN_UNREACHABLE_CODE = YES;
				CLANG_WARN__DUPLICATE_METHOD_MATCH = YES;
				COPY_PHASE_STRIP = NO;
				DEBUG_INFORMATION_FORMAT = dwarf;
				ENABLE_STRICT_OBJC_MSGSEND = YES;
				ENABLE_TESTABILITY = YES;
				ENABLE_USER_SCRIPT_SANDBOXING = YES;
				GCC_C_LANGUAGE_STANDARD = gnu17;
				GCC_DYNAMIC_NO_PIC = NO;
				GCC_NO_COMMON_BLOCKS = YES;
				GCC_OPTIMIZATION_LEVEL = 0;
				GCC_PREPROCESSOR_DEFINITIONS = (
					"DEBUG=1",
					"$(inherited)",
				);
				GCC_WARN_64_TO_32_BIT_CONVERSION = YES;
				GCC_WARN_ABOUT_RETURN_TYPE = YES_ERROR;
				GCC_WARN_UNDECLARED_SELECTOR = YES;
				GCC_WARN_UNINITIALIZED_AUTOS = YES_AGGRESSIVE;
				GCC_WARN_UNUSED_FUNCTION = YES;
				GCC_WARN_UNUSED_VARIABLE = YES;
				LOCALIZATION_PREFERS_STRING_CATALOGS = YES;
				MTL_ENABLE_DEBUG_INFO = INCLUDE_SOURCE;
				MTL_FAST_MATH = YES;
				ONLY_ACTIVE_ARCH = YES;
				SWIFT_ACTIVE_COMPILATION_CONDITIONS = "DEBUG $(inherited)";
				SWIFT_OPTIMIZATION_LEVEL = "-Onone";
			};
			name = Debug;
		};
		872358342B7D777D006A6C9F /* Release */ = {
			isa = XCBuildConfiguration;
			buildSettings = {
				ALWAYS_SEARCH_USER_PATHS = NO;
				ASSETCATALOG_COMPILER_GENERATE_SWIFT_ASSET_SYMBOL_EXTENSIONS = YES;
				CLANG_ANALYZER_NONNULL = YES;
				CLANG_ANALYZER_NUMBER_OBJECT_CONVERSION = YES_AGGRESSIVE;
				CLANG_CXX_LANGUAGE_STANDARD = "gnu++20";
				CLANG_ENABLE_MODULES = YES;
				CLANG_ENABLE_OBJC_ARC = YES;
				CLANG_ENABLE_OBJC_WEAK = YES;
				CLANG_WARN_BLOCK_CAPTURE_AUTORELEASING = YES;
				CLANG_WARN_BOOL_CONVERSION = YES;
				CLANG_WARN_COMMA = YES;
				CLANG_WARN_CONSTANT_CONVERSION = YES;
				CLANG_WARN_DEPRECATED_OBJC_IMPLEMENTATIONS = YES;
				CLANG_WARN_DIRECT_OBJC_ISA_USAGE = YES_ERROR;
				CLANG_WARN_DOCUMENTATION_COMMENTS = YES;
				CLANG_WARN_EMPTY_BODY = YES;
				CLANG_WARN_ENUM_CONVERSION = YES;
				CLANG_WARN_INFINITE_RECURSION = YES;
				CLANG_WARN_INT_CONVERSION = YES;
				CLANG_WARN_NON_LITERAL_NULL_CONVERSION = YES;
				CLANG_WARN_OBJC_IMPLICIT_RETAIN_SELF = YES;
				CLANG_WARN_OBJC_LITERAL_CONVERSION = YES;
				CLANG_WARN_OBJC_ROOT_CLASS = YES_ERROR;
				CLANG_WARN_QUOTED_INCLUDE_IN_FRAMEWORK_HEADER = YES;
				CLANG_WARN_RANGE_LOOP_ANALYSIS = YES;
				CLANG_WARN_STRICT_PROTOTYPES = YES;
				CLANG_WARN_SUSPICIOUS_MOVE = YES;
				CLANG_WARN_UNGUARDED_AVAILABILITY = YES_AGGRESSIVE;
				CLANG_WARN_UNREACHABLE_CODE = YES;
				CLANG_WARN__DUPLICATE_METHOD_MATCH = YES;
				COPY_PHASE_STRIP = NO;
				DEBUG_INFORMATION_FORMAT = "dwarf-with-dsym";
				ENABLE_NS_ASSERTIONS = NO;
				ENABLE_STRICT_OBJC_MSGSEND = YES;
				ENABLE_USER_SCRIPT_SANDBOXING = YES;
				GCC_C_LANGUAGE_STANDARD = gnu17;
				GCC_NO_COMMON_BLOCKS = YES;
				GCC_WARN_64_TO_32_BIT_CONVERSION = YES;
				GCC_WARN_ABOUT_RETURN_TYPE = YES_ERROR;
				GCC_WARN_UNDECLARED_SELECTOR = YES;
				GCC_WARN_UNINITIALIZED_AUTOS = YES_AGGRESSIVE;
				GCC_WARN_UNUSED_FUNCTION = YES;
				GCC_WARN_UNUSED_VARIABLE = YES;
				LOCALIZATION_PREFERS_STRING_CATALOGS = YES;
				MTL_ENABLE_DEBUG_INFO = NO;
				MTL_FAST_MATH = YES;
				SWIFT_COMPILATION_MODE = wholemodule;
			};
			name = Release;
		};
		872358362B7D777D006A6C9F /* Debug */ = {
			isa = XCBuildConfiguration;
			buildSettings = {
				ASSETCATALOG_COMPILER_APPICON_NAME = AppIcon;
				ASSETCATALOG_COMPILER_GLOBAL_ACCENT_COLOR_NAME = AccentColor;
				CODE_SIGN_ENTITLEMENTS = Neofeed/Neofeed.entitlements;
				CODE_SIGN_STYLE = Automatic;
				CURRENT_PROJECT_VERSION = 1;
				DEVELOPMENT_ASSET_PATHS = "\"Neofeed/Preview Content\"";
				ENABLE_PREVIEWS = YES;
				GENERATE_INFOPLIST_FILE = YES;
				"INFOPLIST_KEY_UIApplicationSceneManifest_Generation[sdk=iphoneos*]" = YES;
				"INFOPLIST_KEY_UIApplicationSceneManifest_Generation[sdk=iphonesimulator*]" = YES;
				"INFOPLIST_KEY_UIApplicationSupportsIndirectInputEvents[sdk=iphoneos*]" = YES;
				"INFOPLIST_KEY_UIApplicationSupportsIndirectInputEvents[sdk=iphonesimulator*]" = YES;
				"INFOPLIST_KEY_UILaunchScreen_Generation[sdk=iphoneos*]" = YES;
				"INFOPLIST_KEY_UILaunchScreen_Generation[sdk=iphonesimulator*]" = YES;
				"INFOPLIST_KEY_UIStatusBarStyle[sdk=iphoneos*]" = UIStatusBarStyleDefault;
				"INFOPLIST_KEY_UIStatusBarStyle[sdk=iphonesimulator*]" = UIStatusBarStyleDefault;
				INFOPLIST_KEY_UISupportedInterfaceOrientations_iPad = "UIInterfaceOrientationPortrait UIInterfaceOrientationPortraitUpsideDown UIInterfaceOrientationLandscapeLeft UIInterfaceOrientationLandscapeRight";
				INFOPLIST_KEY_UISupportedInterfaceOrientations_iPhone = "UIInterfaceOrientationPortrait UIInterfaceOrientationLandscapeLeft UIInterfaceOrientationLandscapeRight";
				IPHONEOS_DEPLOYMENT_TARGET = 17.2;
				LD_RUNPATH_SEARCH_PATHS = "@executable_path/Frameworks";
				"LD_RUNPATH_SEARCH_PATHS[sdk=macosx*]" = "@executable_path/../Frameworks";
				MACOSX_DEPLOYMENT_TARGET = 14.2;
				MARKETING_VERSION = 1.0;
				PRODUCT_BUNDLE_IDENTIFIER = com.neotica.Neofeed;
				PRODUCT_NAME = "$(TARGET_NAME)";
				SDKROOT = auto;
				SUPPORTED_PLATFORMS = "iphoneos iphonesimulator macosx";
				SWIFT_EMIT_LOC_STRINGS = YES;
				SWIFT_VERSION = 5.0;
				TARGETED_DEVICE_FAMILY = "1,2";
			};
			name = Debug;
		};
		872358372B7D777D006A6C9F /* Release */ = {
			isa = XCBuildConfiguration;
			buildSettings = {
				ASSETCATALOG_COMPILER_APPICON_NAME = AppIcon;
				ASSETCATALOG_COMPILER_GLOBAL_ACCENT_COLOR_NAME = AccentColor;
				CODE_SIGN_ENTITLEMENTS = Neofeed/Neofeed.entitlements;
				CODE_SIGN_STYLE = Automatic;
				CURRENT_PROJECT_VERSION = 1;
				DEVELOPMENT_ASSET_PATHS = "\"Neofeed/Preview Content\"";
				ENABLE_PREVIEWS = YES;
				GENERATE_INFOPLIST_FILE = YES;
				"INFOPLIST_KEY_UIApplicationSceneManifest_Generation[sdk=iphoneos*]" = YES;
				"INFOPLIST_KEY_UIApplicationSceneManifest_Generation[sdk=iphonesimulator*]" = YES;
				"INFOPLIST_KEY_UIApplicationSupportsIndirectInputEvents[sdk=iphoneos*]" = YES;
				"INFOPLIST_KEY_UIApplicationSupportsIndirectInputEvents[sdk=iphonesimulator*]" = YES;
				"INFOPLIST_KEY_UILaunchScreen_Generation[sdk=iphoneos*]" = YES;
				"INFOPLIST_KEY_UILaunchScreen_Generation[sdk=iphonesimulator*]" = YES;
				"INFOPLIST_KEY_UIStatusBarStyle[sdk=iphoneos*]" = UIStatusBarStyleDefault;
				"INFOPLIST_KEY_UIStatusBarStyle[sdk=iphonesimulator*]" = UIStatusBarStyleDefault;
				INFOPLIST_KEY_UISupportedInterfaceOrientations_iPad = "UIInterfaceOrientationPortrait UIInterfaceOrientationPortraitUpsideDown UIInterfaceOrientationLandscapeLeft UIInterfaceOrientationLandscapeRight";
				INFOPLIST_KEY_UISupportedInterfaceOrientations_iPhone = "UIInterfaceOrientationPortrait UIInterfaceOrientationLandscapeLeft UIInterfaceOrientationLandscapeRight";
				IPHONEOS_DEPLOYMENT_TARGET = 17.2;
				LD_RUNPATH_SEARCH_PATHS = "@executable_path/Frameworks";
				"LD_RUNPATH_SEARCH_PATHS[sdk=macosx*]" = "@executable_path/../Frameworks";
				MACOSX_DEPLOYMENT_TARGET = 14.2;
				MARKETING_VERSION = 1.0;
				PRODUCT_BUNDLE_IDENTIFIER = com.neotica.Neofeed;
				PRODUCT_NAME = "$(TARGET_NAME)";
				SDKROOT = auto;
				SUPPORTED_PLATFORMS = "iphoneos iphonesimulator macosx";
				SWIFT_EMIT_LOC_STRINGS = YES;
				SWIFT_VERSION = 5.0;
				TARGETED_DEVICE_FAMILY = "1,2";
			};
			name = Release;
		};
/* End XCBuildConfiguration section */

/* Begin XCConfigurationList section */
		872358212B7D777C006A6C9F /* Build configuration list for PBXProject "Neofeed" */ = {
			isa = XCConfigurationList;
			buildConfigurations = (
				872358332B7D777D006A6C9F /* Debug */,
				872358342B7D777D006A6C9F /* Release */,
			);
			defaultConfigurationIsVisible = 0;
			defaultConfigurationName = Release;
		};
		872358352B7D777D006A6C9F /* Build configuration list for PBXNativeTarget "Neofeed" */ = {
			isa = XCConfigurationList;
			buildConfigurations = (
				872358362B7D777D006A6C9F /* Debug */,
				872358372B7D777D006A6C9F /* Release */,
			);
			defaultConfigurationIsVisible = 0;
			defaultConfigurationName = Release;
		};
/* End XCConfigurationList section */

/* Begin XCRemoteSwiftPackageReference section */
		872358432B7D7A9F006A6C9F /* XCRemoteSwiftPackageReference "firebase-ios-sdk" */ = {
			isa = XCRemoteSwiftPackageReference;
			repositoryURL = "https://github.com/firebase/firebase-ios-sdk.git";
			requirement = {
				kind = upToNextMajorVersion;
				minimumVersion = 10.21.0;
			};
		};
/* End XCRemoteSwiftPackageReference section */

/* Begin XCSwiftPackageProductDependency section */
		872358442B7D7A9F006A6C9F /* FirebaseAnalytics */ = {
			isa = XCSwiftPackageProductDependency;
			package = 872358432B7D7A9F006A6C9F /* XCRemoteSwiftPackageReference "firebase-ios-sdk" */;
			productName = FirebaseAnalytics;
		};
		872358462B7D7A9F006A6C9F /* FirebaseAnalyticsOnDeviceConversion */ = {
			isa = XCSwiftPackageProductDependency;
			package = 872358432B7D7A9F006A6C9F /* XCRemoteSwiftPackageReference "firebase-ios-sdk" */;
			productName = FirebaseAnalyticsOnDeviceConversion;
		};
		872358482B7D7A9F006A6C9F /* FirebaseAnalyticsSwift */ = {
			isa = XCSwiftPackageProductDependency;
			package = 872358432B7D7A9F006A6C9F /* XCRemoteSwiftPackageReference "firebase-ios-sdk" */;
			productName = FirebaseAnalyticsSwift;
		};
		8723584A2B7D7A9F006A6C9F /* FirebaseAnalyticsWithoutAdIdSupport */ = {
			isa = XCSwiftPackageProductDependency;
			package = 872358432B7D7A9F006A6C9F /* XCRemoteSwiftPackageReference "firebase-ios-sdk" */;
			productName = FirebaseAnalyticsWithoutAdIdSupport;
		};
		8723584C2B7D7A9F006A6C9F /* FirebaseAppCheck */ = {
			isa = XCSwiftPackageProductDependency;
			package = 872358432B7D7A9F006A6C9F /* XCRemoteSwiftPackageReference "firebase-ios-sdk" */;
			productName = FirebaseAppCheck;
		};
		875794172B85B3DA00EAF26C /* FirebaseAnalytics */ = {
			isa = XCSwiftPackageProductDependency;
			package = 872358432B7D7A9F006A6C9F /* XCRemoteSwiftPackageReference "firebase-ios-sdk" */;
			productName = FirebaseAnalytics;
		};
		875794192B85B3DA00EAF26C /* FirebaseAnalyticsOnDeviceConversion */ = {
			isa = XCSwiftPackageProductDependency;
			package = 872358432B7D7A9F006A6C9F /* XCRemoteSwiftPackageReference "firebase-ios-sdk" */;
			productName = FirebaseAnalyticsOnDeviceConversion;
		};
		8757941B2B85B3DA00EAF26C /* FirebaseAnalyticsSwift */ = {
			isa = XCSwiftPackageProductDependency;
			package = 872358432B7D7A9F006A6C9F /* XCRemoteSwiftPackageReference "firebase-ios-sdk" */;
			productName = FirebaseAnalyticsSwift;
		};
		8757941D2B85B3DA00EAF26C /* FirebaseAnalyticsWithoutAdIdSupport */ = {
			isa = XCSwiftPackageProductDependency;
			package = 872358432B7D7A9F006A6C9F /* XCRemoteSwiftPackageReference "firebase-ios-sdk" */;
			productName = FirebaseAnalyticsWithoutAdIdSupport;
		};
		8757941F2B85B3DA00EAF26C /* FirebaseAppCheck */ = {
			isa = XCSwiftPackageProductDependency;
			package = 872358432B7D7A9F006A6C9F /* XCRemoteSwiftPackageReference "firebase-ios-sdk" */;
			productName = FirebaseAppCheck;
		};
		875794212B85B3DA00EAF26C /* FirebaseAppDistribution-Beta */ = {
			isa = XCSwiftPackageProductDependency;
			package = 872358432B7D7A9F006A6C9F /* XCRemoteSwiftPackageReference "firebase-ios-sdk" */;
			productName = "FirebaseAppDistribution-Beta";
		};
		875794232B85B3DA00EAF26C /* FirebaseAuth */ = {
			isa = XCSwiftPackageProductDependency;
			package = 872358432B7D7A9F006A6C9F /* XCRemoteSwiftPackageReference "firebase-ios-sdk" */;
			productName = FirebaseAuth;
		};
		875794252B85B3DA00EAF26C /* FirebaseAuthCombine-Community */ = {
			isa = XCSwiftPackageProductDependency;
			package = 872358432B7D7A9F006A6C9F /* XCRemoteSwiftPackageReference "firebase-ios-sdk" */;
			productName = "FirebaseAuthCombine-Community";
		};
		875794272B85B3DA00EAF26C /* FirebaseCrashlytics */ = {
			isa = XCSwiftPackageProductDependency;
			package = 872358432B7D7A9F006A6C9F /* XCRemoteSwiftPackageReference "firebase-ios-sdk" */;
			productName = FirebaseCrashlytics;
		};
		875794292B85B3DA00EAF26C /* FirebaseDatabase */ = {
			isa = XCSwiftPackageProductDependency;
			package = 872358432B7D7A9F006A6C9F /* XCRemoteSwiftPackageReference "firebase-ios-sdk" */;
			productName = FirebaseDatabase;
		};
		8757942B2B85B3DA00EAF26C /* FirebaseDatabaseSwift */ = {
			isa = XCSwiftPackageProductDependency;
			package = 872358432B7D7A9F006A6C9F /* XCRemoteSwiftPackageReference "firebase-ios-sdk" */;
			productName = FirebaseDatabaseSwift;
		};
		8757942D2B85B3DA00EAF26C /* FirebaseDynamicLinks */ = {
			isa = XCSwiftPackageProductDependency;
			package = 872358432B7D7A9F006A6C9F /* XCRemoteSwiftPackageReference "firebase-ios-sdk" */;
			productName = FirebaseDynamicLinks;
		};
		8757942F2B85B3DA00EAF26C /* FirebaseFirestore */ = {
			isa = XCSwiftPackageProductDependency;
			package = 872358432B7D7A9F006A6C9F /* XCRemoteSwiftPackageReference "firebase-ios-sdk" */;
			productName = FirebaseFirestore;
		};
		875794312B85B3DA00EAF26C /* FirebaseFirestoreCombine-Community */ = {
			isa = XCSwiftPackageProductDependency;
			package = 872358432B7D7A9F006A6C9F /* XCRemoteSwiftPackageReference "firebase-ios-sdk" */;
			productName = "FirebaseFirestoreCombine-Community";
		};
		875794332B85B3DA00EAF26C /* FirebaseFirestoreSwift */ = {
			isa = XCSwiftPackageProductDependency;
			package = 872358432B7D7A9F006A6C9F /* XCRemoteSwiftPackageReference "firebase-ios-sdk" */;
			productName = FirebaseFirestoreSwift;
		};
		875794352B85B3DA00EAF26C /* FirebaseFunctions */ = {
			isa = XCSwiftPackageProductDependency;
			package = 872358432B7D7A9F006A6C9F /* XCRemoteSwiftPackageReference "firebase-ios-sdk" */;
			productName = FirebaseFunctions;
		};
		875794372B85B3DA00EAF26C /* FirebaseFunctionsCombine-Community */ = {
			isa = XCSwiftPackageProductDependency;
			package = 872358432B7D7A9F006A6C9F /* XCRemoteSwiftPackageReference "firebase-ios-sdk" */;
			productName = "FirebaseFunctionsCombine-Community";
		};
		875794392B85B3DA00EAF26C /* FirebaseInAppMessaging-Beta */ = {
			isa = XCSwiftPackageProductDependency;
			package = 872358432B7D7A9F006A6C9F /* XCRemoteSwiftPackageReference "firebase-ios-sdk" */;
			productName = "FirebaseInAppMessaging-Beta";
		};
		8757943B2B85B3DA00EAF26C /* FirebaseInAppMessagingSwift-Beta */ = {
			isa = XCSwiftPackageProductDependency;
			package = 872358432B7D7A9F006A6C9F /* XCRemoteSwiftPackageReference "firebase-ios-sdk" */;
			productName = "FirebaseInAppMessagingSwift-Beta";
		};
		8757943D2B85B3DA00EAF26C /* FirebaseInstallations */ = {
			isa = XCSwiftPackageProductDependency;
			package = 872358432B7D7A9F006A6C9F /* XCRemoteSwiftPackageReference "firebase-ios-sdk" */;
			productName = FirebaseInstallations;
		};
		8757943F2B85B3DA00EAF26C /* FirebaseMLModelDownloader */ = {
			isa = XCSwiftPackageProductDependency;
			package = 872358432B7D7A9F006A6C9F /* XCRemoteSwiftPackageReference "firebase-ios-sdk" */;
			productName = FirebaseMLModelDownloader;
		};
		875794412B85B3DA00EAF26C /* FirebaseMessaging */ = {
			isa = XCSwiftPackageProductDependency;
			package = 872358432B7D7A9F006A6C9F /* XCRemoteSwiftPackageReference "firebase-ios-sdk" */;
			productName = FirebaseMessaging;
		};
		875794432B85B3DA00EAF26C /* FirebasePerformance */ = {
			isa = XCSwiftPackageProductDependency;
			package = 872358432B7D7A9F006A6C9F /* XCRemoteSwiftPackageReference "firebase-ios-sdk" */;
			productName = FirebasePerformance;
		};
		875794452B85B3DA00EAF26C /* FirebaseRemoteConfig */ = {
			isa = XCSwiftPackageProductDependency;
			package = 872358432B7D7A9F006A6C9F /* XCRemoteSwiftPackageReference "firebase-ios-sdk" */;
			productName = FirebaseRemoteConfig;
		};
		875794472B85B3DA00EAF26C /* FirebaseRemoteConfigSwift */ = {
			isa = XCSwiftPackageProductDependency;
			package = 872358432B7D7A9F006A6C9F /* XCRemoteSwiftPackageReference "firebase-ios-sdk" */;
			productName = FirebaseRemoteConfigSwift;
		};
		875794492B85B3DA00EAF26C /* FirebaseStorage */ = {
			isa = XCSwiftPackageProductDependency;
			package = 872358432B7D7A9F006A6C9F /* XCRemoteSwiftPackageReference "firebase-ios-sdk" */;
			productName = FirebaseStorage;
		};
		8757944B2B85B3DA00EAF26C /* FirebaseStorageCombine-Community */ = {
			isa = XCSwiftPackageProductDependency;
			package = 872358432B7D7A9F006A6C9F /* XCRemoteSwiftPackageReference "firebase-ios-sdk" */;
			productName = "FirebaseStorageCombine-Community";
		};
/* End XCSwiftPackageProductDependency section */
	};
	rootObject = 8723581E2B7D777C006A6C9F /* Project object */;
}
